
Microsoft Visual Studio Solution File, Format Version 12.00
# Visual Studio Version 17
VisualStudioVersion = 17.5.33424.131
MinimumVisualStudioVersion = 10.0.40219.1
Project("{FAE04EC0-301F-11D3-BF4B-00C04F79EFBC}") = "form-add-nomes", "form-add-nomes\form-add-nomes.csproj", "{9AE6D207-FCD6-499D-B11B-F1FFC2DB0ABD}"
EndProject
Global
	GlobalSection(SolutionConfigurationPlatforms) = preSolution
		Debug|Any CPU = Debug|Any CPU
		Release|Any CPU = Release|Any CPU
	EndGlobalSection
	GlobalSection(ProjectConfigurationPlatforms) = postSolution
		{9AE6D207-FCD6-499D-B11B-F1FFC2DB0ABD}.Debug|Any CPU.ActiveCfg = Debug|Any CPU
		{9AE6D207-FCD6-499D-B11B-F1FFC2DB0ABD}.Debug|Any CPU.Build.0 = Debug|Any CPU
		{9AE6D207-FCD6-499D-B11B-F1FFC2DB0ABD}.Release|Any CPU.ActiveCfg = Release|Any CPU
		{9AE6D207-FCD6-499D-B11B-F1FFC2DB0ABD}.Release|Any CPU.Build.0 = Release|Any CPU
	EndGlobalSection
	GlobalSection(SolutionProperties) = preSolution
		HideSolutionNode = FALSE
	EndGlobalSection
	GlobalSection(ExtensibilityGlobals) = postSolution
		SolutionGuid = {A76F0188-B01D-4622-B2C7-5AC285EBA928}
	EndGlobalSection
EndGlobal
